
Microsoft Visual Studio Solution File, Format Version 12.00
# Visual Studio 15
VisualStudioVersion = 15.0.27428.2015
MinimumVisualStudioVersion = 10.0.40219.1
Project("{FAE04EC0-301F-11D3-BF4B-00C04F79EFBC}") = "Userinputbot2", "Userinputbot2\Userinputbot2.csproj", "{C359A396-77EB-4413-8C0E-21491E3BC6A4}"
EndProject
Global
	GlobalSection(SolutionConfigurationPlatforms) = preSolution
		Debug|Any CPU = Debug|Any CPU
		Release|Any CPU = Release|Any CPU
	EndGlobalSection
	GlobalSection(ProjectConfigurationPlatforms) = postSolution
		{C359A396-77EB-4413-8C0E-21491E3BC6A4}.Debug|Any CPU.ActiveCfg = Debug|Any CPU
		{C359A396-77EB-4413-8C0E-21491E3BC6A4}.Debug|Any CPU.Build.0 = Debug|Any CPU
		{C359A396-77EB-4413-8C0E-21491E3BC6A4}.Release|Any CPU.ActiveCfg = Release|Any CPU
		{C359A396-77EB-4413-8C0E-21491E3BC6A4}.Release|Any CPU.Build.0 = Release|Any CPU
	EndGlobalSection
	GlobalSection(SolutionProperties) = preSolution
		HideSolutionNode = FALSE
	EndGlobalSection
	GlobalSection(ExtensibilityGlobals) = postSolution
		SolutionGuid = {79FCA16E-1584-4FEC-A726-678620011D6D}
	EndGlobalSection
EndGlobal
